// !$*UTF8*$!
{
	archiveVersion = 1;
	classes = {
	};
	objectVersion = 46;
	objects = {

/* Begin PBXBuildFile section */
		8F1DCCBE1C91389800F734AB /* MultiSelectionDynamicCell.swift in Sources */ = {isa = PBXBuildFile; fileRef = 8F1DCCBC1C91389800F734AB /* MultiSelectionDynamicCell.swift */; };
		8F1DCCBF1C91389800F734AB /* MultiSelectionDynamicCell.xib in Resources */ = {isa = PBXBuildFile; fileRef = 8F1DCCBD1C91389800F734AB /* MultiSelectionDynamicCell.xib */; };
		8F1DCCCA1C91485300F734AB /* ms-mark.png in Resources */ = {isa = PBXBuildFile; fileRef = 8F1DCCC71C91485300F734AB /* ms-mark.png */; };
		8F1DCCCB1C91485300F734AB /* ms-mark@2x.png in Resources */ = {isa = PBXBuildFile; fileRef = 8F1DCCC81C91485300F734AB /* ms-mark@2x.png */; };
		8F1DCCCC1C91485300F734AB /* ms-mark@3x.png in Resources */ = {isa = PBXBuildFile; fileRef = 8F1DCCC91C91485300F734AB /* ms-mark@3x.png */; };
		8F3160131C8F07EE0052103F /* AppDelegate.swift in Sources */ = {isa = PBXBuildFile; fileRef = 8F3160121C8F07EE0052103F /* AppDelegate.swift */; };
		8F3160151C8F07EE0052103F /* ViewController.swift in Sources */ = {isa = PBXBuildFile; fileRef = 8F3160141C8F07EE0052103F /* ViewController.swift */; };
		8F3160181C8F07EE0052103F /* Main.storyboard in Resources */ = {isa = PBXBuildFile; fileRef = 8F3160161C8F07EE0052103F /* Main.storyboard */; };
		8F31601A1C8F07EE0052103F /* Assets.xcassets in Resources */ = {isa = PBXBuildFile; fileRef = 8F3160191C8F07EE0052103F /* Assets.xcassets */; };
		8F31601D1C8F07EE0052103F /* LaunchScreen.storyboard in Resources */ = {isa = PBXBuildFile; fileRef = 8F31601B1C8F07EE0052103F /* LaunchScreen.storyboard */; };
		8F3160251C8F0AA50052103F /* ArrayEx.swift in Sources */ = {isa = PBXBuildFile; fileRef = 8F3160241C8F0AA50052103F /* ArrayEx.swift */; };
		8F3160271C8F0AEE0052103F /* MultiSelectionController.swift in Sources */ = {isa = PBXBuildFile; fileRef = 8F3160261C8F0AEE0052103F /* MultiSelectionController.swift */; };
/* End PBXBuildFile section */

/* Begin PBXFileReference section */
		8F1DCCBC1C91389800F734AB /* MultiSelectionDynamicCell.swift */ = {isa = PBXFileReference; fileEncoding = 4; lastKnownFileType = sourcecode.swift; path = MultiSelectionDynamicCell.swift; sourceTree = "<group>"; };
		8F1DCCBD1C91389800F734AB /* MultiSelectionDynamicCell.xib */ = {isa = PBXFileReference; fileEncoding = 4; lastKnownFileType = file.xib; path = MultiSelectionDynamicCell.xib; sourceTree = "<group>"; };
		8F1DCCC71C91485300F734AB /* ms-mark.png */ = {isa = PBXFileReference; lastKnownFileType = image.png; path = "ms-mark.png"; sourceTree = "<group>"; };
		8F1DCCC81C91485300F734AB /* ms-mark@2x.png */ = {isa = PBXFileReference; lastKnownFileType = image.png; path = "ms-mark@2x.png"; sourceTree = "<group>"; };
		8F1DCCC91C91485300F734AB /* ms-mark@3x.png */ = {isa = PBXFileReference; lastKnownFileType = image.png; path = "ms-mark@3x.png"; sourceTree = "<group>"; };
		8F31600F1C8F07EE0052103F /* MultiSelectableDropDownBox.app */ = {isa = PBXFileReference; explicitFileType = wrapper.application; includeInIndex = 0; path = MultiSelectableDropDownBox.app; sourceTree = BUILT_PRODUCTS_DIR; };
		8F3160121C8F07EE0052103F /* AppDelegate.swift */ = {isa = PBXFileReference; lastKnownFileType = sourcecode.swift; path = AppDelegate.swift; sourceTree = "<group>"; };
		8F3160141C8F07EE0052103F /* ViewController.swift */ = {isa = PBXFileReference; lastKnownFileType = sourcecode.swift; path = ViewController.swift; sourceTree = "<group>"; };
		8F3160171C8F07EE0052103F /* Base */ = {isa = PBXFileReference; lastKnownFileType = file.storyboard; name = Base; path = Base.lproj/Main.storyboard; sourceTree = "<group>"; };
		8F3160191C8F07EE0052103F /* Assets.xcassets */ = {isa = PBXFileReference; lastKnownFileType = folder.assetcatalog; path = Assets.xcassets; sourceTree = "<group>"; };
		8F31601C1C8F07EE0052103F /* Base */ = {isa = PBXFileReference; lastKnownFileType = file.storyboard; name = Base; path = Base.lproj/LaunchScreen.storyboard; sourceTree = "<group>"; };
		8F31601E1C8F07EE0052103F /* Info.plist */ = {isa = PBXFileReference; lastKnownFileType = text.plist.xml; path = Info.plist; sourceTree = "<group>"; };
		8F3160241C8F0AA50052103F /* ArrayEx.swift */ = {isa = PBXFileReference; fileEncoding = 4; lastKnownFileType = sourcecode.swift; path = ArrayEx.swift; sourceTree = "<group>"; };
		8F3160261C8F0AEE0052103F /* MultiSelectionController.swift */ = {isa = PBXFileReference; fileEncoding = 4; lastKnownFileType = sourcecode.swift; path = MultiSelectionController.swift; sourceTree = "<group>"; };
/* End PBXFileReference section */

/* Begin PBXFrameworksBuildPhase section */
		8F31600C1C8F07ED0052103F /* Frameworks */ = {
			isa = PBXFrameworksBuildPhase;
			buildActionMask = 2147483647;
			files = (
			);
			runOnlyForDeploymentPostprocessing = 0;
		};
/* End PBXFrameworksBuildPhase section */

/* Begin PBXGroup section */
		8F1DCCC01C91413700F734AB /* Assets */ = {
			isa = PBXGroup;
			children = (
				8F1DCCC71C91485300F734AB /* ms-mark.png */,
				8F1DCCC81C91485300F734AB /* ms-mark@2x.png */,
				8F1DCCC91C91485300F734AB /* ms-mark@3x.png */,
			);
			name = Assets;
			sourceTree = "<group>";
		};
		8F3160061C8F07ED0052103F = {
			isa = PBXGroup;
			children = (
				8F3160111C8F07EE0052103F /* MultiSelectableDropDownBox */,
				8F3160101C8F07EE0052103F /* Products */,
			);
			sourceTree = "<group>";
		};
		8F3160101C8F07EE0052103F /* Products */ = {
			isa = PBXGroup;
			children = (
				8F31600F1C8F07EE0052103F /* MultiSelectableDropDownBox.app */,
			);
			name = Products;
			sourceTree = "<group>";
		};
		8F3160111C8F07EE0052103F /* MultiSelectableDropDownBox */ = {
			isa = PBXGroup;
			children = (
				8F3160121C8F07EE0052103F /* AppDelegate.swift */,
				8F3160141C8F07EE0052103F /* ViewController.swift */,
				8F3160281C8F10C60052103F /* MultiSelectableDropDownBox */,
				8F3160161C8F07EE0052103F /* Main.storyboard */,
				8F3160191C8F07EE0052103F /* Assets.xcassets */,
				8F31601B1C8F07EE0052103F /* LaunchScreen.storyboard */,
				8F31601E1C8F07EE0052103F /* Info.plist */,
			);
			path = MultiSelectableDropDownBox;
			sourceTree = "<group>";
		};
		8F3160281C8F10C60052103F /* MultiSelectableDropDownBox */ = {
			isa = PBXGroup;
			children = (
				8F1DCCC01C91413700F734AB /* Assets */,
				8F3160261C8F0AEE0052103F /* MultiSelectionController.swift */,
				8F3160241C8F0AA50052103F /* ArrayEx.swift */,
				8F1DCCBC1C91389800F734AB /* MultiSelectionDynamicCell.swift */,
				8F1DCCBD1C91389800F734AB /* MultiSelectionDynamicCell.xib */,
			);
			name = MultiSelectableDropDownBox;
			sourceTree = "<group>";
		};
/* End PBXGroup section */

/* Begin PBXNativeTarget section */
		8F31600E1C8F07ED0052103F /* MultiSelectableDropDownBox */ = {
			isa = PBXNativeTarget;
			buildConfigurationList = 8F3160211C8F07EE0052103F /* Build configuration list for PBXNativeTarget "MultiSelectableDropDownBox" */;
			buildPhases = (
				8F31600B1C8F07ED0052103F /* Sources */,
				8F31600C1C8F07ED0052103F /* Frameworks */,
				8F31600D1C8F07ED0052103F /* Resources */,
			);
			buildRules = (
			);
			dependencies = (
			);
			name = MultiSelectableDropDownBox;
			productName = MultiSelectableDropDownBox;
			productReference = 8F31600F1C8F07EE0052103F /* MultiSelectableDropDownBox.app */;
			productType = "com.apple.product-type.application";
		};
/* End PBXNativeTarget section */

/* Begin PBXProject section */
		8F3160071C8F07ED0052103F /* Project object */ = {
			isa = PBXProject;
			attributes = {
				LastSwiftUpdateCheck = 0720;
				LastUpgradeCheck = 0720;
				ORGANIZATIONNAME = ArunKumar.P;
				TargetAttributes = {
					8F31600E1C8F07ED0052103F = {
						CreatedOnToolsVersion = 7.2.1;
					};
				};
			};
			buildConfigurationList = 8F31600A1C8F07ED0052103F /* Build configuration list for PBXProject "MultiSelectableDropDownBox" */;
			compatibilityVersion = "Xcode 3.2";
			developmentRegion = English;
			hasScannedForEncodings = 0;
			knownRegions = (
				en,
				Base,
			);
			mainGroup = 8F3160061C8F07ED0052103F;
			productRefGroup = 8F3160101C8F07EE0052103F /* Products */;
			projectDirPath = "";
			projectRoot = "";
			targets = (
				8F31600E1C8F07ED0052103F /* MultiSelectableDropDownBox */,
			);
		};
/* End PBXProject section */

/* Begin PBXResourcesBuildPhase section */
		8F31600D1C8F07ED0052103F /* Resources */ = {
			isa = PBXResourcesBuildPhase;
			buildActionMask = 2147483647;
			files = (
				8F1DCCCB1C91485300F734AB /* ms-mark@2x.png in Resources */,
				8F1DCCBF1C91389800F734AB /* MultiSelectionDynamicCell.xib in Resources */,
				8F1DCCCC1C91485300F734AB /* ms-mark@3x.png in Resources */,
				8F31601D1C8F07EE0052103F /* LaunchScreen.storyboard in Resources */,
				8F31601A1C8F07EE0052103F /* Assets.xcassets in Resources */,
				8F1DCCCA1C91485300F734AB /* ms-mark.png in Resources */,
				8F3160181C8F07EE0052103F /* Main.storyboard in Resources */,
			);
			runOnlyForDeploymentPostprocessing = 0;
		};
/* End PBXResourcesBuildPhase section */

/* Begin PBXSourcesBuildPhase section */
		8F31600B1C8F07ED0052103F /* Sources */ = {
			isa = PBXSourcesBuildPhase;
			buildActionMask = 2147483647;
			files = (
				8F1DCCBE1C91389800F734AB /* MultiSelectionDynamicCell.swift in Sources */,
				8F3160251C8F0AA50052103F /* ArrayEx.swift in Sources */,
				8F3160151C8F07EE0052103F /* ViewController.swift in Sources */,
				8F3160271C8F0AEE0052103F /* MultiSelectionController.swift in Sources */,
				8F3160131C8F07EE0052103F /* AppDelegate.swift in Sources */,
			);
			runOnlyForDeploymentPostprocessing = 0;
		};
/* End PBXSourcesBuildPhase section */

/* Begin PBXVariantGroup section */
		8F3160161C8F07EE0052103F /* Main.storyboard */ = {
			isa = PBXVariantGroup;
			children = (
				8F3160171C8F07EE0052103F /* Base */,
			);
			name = Main.storyboard;
			sourceTree = "<group>";
		};
		8F31601B1C8F07EE0052103F /* LaunchScreen.storyboard */ = {
			isa = PBXVariantGroup;
			children = (
				8F31601C1C8F07EE0052103F /* Base */,
			);
			name = LaunchScreen.storyboard;
			sourceTree = "<group>";
		};
/* End PBXVariantGroup section */

/* Begin XCBuildConfiguration section */
		8F31601F1C8F07EE0052103F /* Debug */ = {
			isa = XCBuildConfiguration;
			buildSettings = {
				ALWAYS_SEARCH_USER_PATHS = NO;
				CLANG_CXX_LANGUAGE_STANDARD = "gnu++0x";
				CLANG_CXX_LIBRARY = "libc++";
				CLANG_ENABLE_MODULES = YES;
				CLANG_ENABLE_OBJC_ARC = YES;
				CLANG_WARN_BOOL_CONVERSION = YES;
				CLANG_WARN_CONSTANT_CONVERSION = YES;
				CLANG_WARN_DIRECT_OBJC_ISA_USAGE = YES_ERROR;
				CLANG_WARN_EMPTY_BODY = YES;
				CLANG_WARN_ENUM_CONVERSION = YES;
				CLANG_WARN_INT_CONVERSION = YES;
				CLANG_WARN_OBJC_ROOT_CLASS = YES_ERROR;
				CLANG_WARN_UNREACHABLE_CODE = YES;
				CLANG_WARN__DUPLICATE_METHOD_MATCH = YES;
				"CODE_SIGN_IDENTITY[sdk=iphoneos*]" = "iPhone Developer";
				COPY_PHASE_STRIP = NO;
				DEBUG_INFORMATION_FORMAT = dwarf;
				ENABLE_STRICT_OBJC_MSGSEND = YES;
				ENABLE_TESTABILITY = YES;
				GCC_C_LANGUAGE_STANDARD = gnu99;
				GCC_DYNAMIC_NO_PIC = NO;
				GCC_NO_COMMON_BLOCKS = YES;
				GCC_OPTIMIZATION_LEVEL = 0;
				GCC_PREPROCESSOR_DEFINITIONS = (
					"DEBUG=1",
					"$(inherited)",
				);
				GCC_WARN_64_TO_32_BIT_CONVERSION = YES;
				GCC_WARN_ABOUT_RETURN_TYPE = YES_ERROR;
				GCC_WARN_UNDECLARED_SELECTOR = YES;
				GCC_WARN_UNINITIALIZED_AUTOS = YES_AGGRESSIVE;
				GCC_WARN_UNUSED_FUNCTION = YES;
				GCC_WARN_UNUSED_VARIABLE = YES;
				IPHONEOS_DEPLOYMENT_TARGET = 9.2;
				MTL_ENABLE_DEBUG_INFO = YES;
				ONLY_ACTIVE_ARCH = YES;
				SDKROOT = iphoneos;
				SWIFT_OPTIMIZATION_LEVEL = "-Onone";
				TARGETED_DEVICE_FAMILY = "1,2";
			};
			name = Debug;
		};
		8F3160201C8F07EE0052103F /* Release */ = {
			isa = XCBuildConfiguration;
			buildSettings = {
				ALWAYS_SEARCH_USER_PATHS = NO;
				CLANG_CXX_LANGUAGE_STANDARD = "gnu++0x";
				CLANG_CXX_LIBRARY = "libc++";
				CLANG_ENABLE_MODULES = YES;
				CLANG_ENABLE_OBJC_ARC = YES;
				CLANG_WARN_BOOL_CONVERSION = YES;
				CLANG_WARN_CONSTANT_CONVERSION = YES;
				CLANG_WARN_DIRECT_OBJC_ISA_USAGE = YES_ERROR;
				CLANG_WARN_EMPTY_BODY = YES;
				CLANG_WARN_ENUM_CONVERSION = YES;
				CLANG_WARN_INT_CONVERSION = YES;
				CLANG_WARN_OBJC_ROOT_CLASS = YES_ERROR;
				CLANG_WARN_UNREACHABLE_CODE = YES;
				CLANG_WARN__DUPLICATE_METHOD_MATCH = YES;
				"CODE_SIGN_IDENTITY[sdk=iphoneos*]" = "iPhone Developer";
				COPY_PHASE_STRIP = NO;
				DEBUG_INFORMATION_FORMAT = "dwarf-with-dsym";
				ENABLE_NS_ASSERTIONS = NO;
				ENABLE_STRICT_OBJC_MSGSEND = YES;
				GCC_C_LANGUAGE_STANDARD = gnu99;
				GCC_NO_COMMON_BLOCKS = YES;
				GCC_WARN_64_TO_32_BIT_CONVERSION = YES;
				GCC_WARN_ABOUT_RETURN_TYPE = YES_ERROR;
				GCC_WARN_UNDECLARED_SELECTOR = YES;
				GCC_WARN_UNINITIALIZED_AUTOS = YES_AGGRESSIVE;
				GCC_WARN_UNUSED_FUNCTION = YES;
				GCC_WARN_UNUSED_VARIABLE = YES;
				IPHONEOS_DEPLOYMENT_TARGET = 9.2;
				MTL_ENABLE_DEBUG_INFO = NO;
				SDKROOT = iphoneos;
				TARGETED_DEVICE_FAMILY = "1,2";
				VALIDATE_PRODUCT = YES;
			};
			name = Release;
		};
		8F3160221C8F07EE0052103F /* Debug */ = {
			isa = XCBuildConfiguration;
			buildSettings = {
				ASSETCATALOG_COMPILER_APPICON_NAME = AppIcon;
				INFOPLIST_FILE = MultiSelectableDropDownBox/Info.plist;
				IPHONEOS_DEPLOYMENT_TARGET = 8.0;
				LD_RUNPATH_SEARCH_PATHS = "$(inherited) @executable_path/Frameworks";
				PRODUCT_BUNDLE_IDENTIFIER = com.Quality.MultiSelectableDropDownBox;
				PRODUCT_NAME = "$(TARGET_NAME)";
				TARGETED_DEVICE_FAMILY = "1,2";
			};
			name = Debug;
		};
		8F3160231C8F07EE0052103F /* Release */ = {
			isa = XCBuildConfiguration;
			buildSettings = {
				ASSETCATALOG_COMPILER_APPICON_NAME = AppIcon;
				INFOPLIST_FILE = MultiSelectableDropDownBox/Info.plist;
				IPHONEOS_DEPLOYMENT_TARGET = 8.0;
				LD_RUNPATH_SEARCH_PATHS = "$(inherited) @executable_path/Frameworks";
				PRODUCT_BUNDLE_IDENTIFIER = com.Quality.MultiSelectableDropDownBox;
				PRODUCT_NAME = "$(TARGET_NAME)";
				TARGETED_DEVICE_FAMILY = "1,2";
			};
			name = Release;
		};
/* End XCBuildConfiguration section */

/* Begin XCConfigurationList section */
		8F31600A1C8F07ED0052103F /* Build configuration list for PBXProject "MultiSelectableDropDownBox" */ = {
			isa = XCConfigurationList;
			buildConfigurations = (
				8F31601F1C8F07EE0052103F /* Debug */,
				8F3160201C8F07EE0052103F /* Release */,
			);
			defaultConfigurationIsVisible = 0;
			defaultConfigurationName = Release;
		};
		8F3160211C8F07EE0052103F /* Build configuration list for PBXNativeTarget "MultiSelectableDropDownBox" */ = {
			isa = XCConfigurationList;
			buildConfigurations = (
				8F3160221C8F07EE0052103F /* Debug */,
				8F3160231C8F07EE0052103F /* Release */,
			);
			defaultConfigurationIsVisible = 0;
			defaultConfigurationName = Release;
		};
/* End XCConfigurationList section */
	};
	rootObject = 8F3160071C8F07ED0052103F /* Project object */;
}
